Microsoft Visual Studio Solution File, Format Version 12.00
# Visual Studio 2013
VisualStudioVersion = 12.0.40629.0
MinimumVisualStudioVersion = 10.0.40219.1
Project("{FAE04EC0-301F-11D3-BF4B-00C04F79EFBC}") = "Tracy.Frameworks.Common", "Tracy.Frameworks.Common\Tracy.Frameworks.Common.csproj", "{04A1FB4B-D298-47A6-866B-47092E1EA628}"
EndProject
Project("{FAE04EC0-301F-11D3-BF4B-00C04F79EFBC}") = "Tracy.Frameworks.Mvc", "Tracy.Frameworks.Mvc\Tracy.Frameworks.Mvc.csproj", "{7496FFF6-5395-4A78-9F12-5FB030C9C671}"
EndProject
Project("{FAE04EC0-301F-11D3-BF4B-00C04F79EFBC}") = "Tracy.Frameworks.VConfigs", "Tracy.Frameworks.VConfigs\Tracy.Frameworks.VConfigs.csproj", "{3505FE32-0A72-4C25-A1C9-2D7E5D24C79D}"
EndProject
Project("{2150E333-8FDC-42A3-9474-1A3956D46DE8}") = "Tests", "Tests", "{DC3915F5-FE00-4F1E-AAA1-4A52634043FD}"
EndProject
Project("{FAE04EC0-301F-11D3-BF4B-00C04F79EFBC}") = "Tracy.Frameworks.RedisConfig", "Tracy.Frameworks.RedisConfig\Tracy.Frameworks.RedisConfig.csproj", "{2021D2F2-2593-411C-9A3C-AE571574B3F0}"
EndProject
Project("{FAE04EC0-301F-11D3-BF4B-00C04F79EFBC}") = "Tracy.Frameworks.MongoDb", "Tracy.Frameworks.MongoDb\Tracy.Frameworks.MongoDb.csproj", "{D612A1ED-C949-4892-AB69-FDF4D73E9F43}"
EndProject
Project("{FAE04EC0-301F-11D3-BF4B-00C04F79EFBC}") = "Tracy.Frameworks.Redis", "Tracy.Frameworks.Redis\Tracy.Frameworks.Redis.csproj", "{F42DA81D-AD59-475E-AA46-002B3E071665}"
EndProject
Project("{FAE04EC0-301F-11D3-BF4B-00C04F79EFBC}") = "Tracy.Frameworks.LogClient", "Tracy.Frameworks.LogClient\Tracy.Frameworks.LogClient.csproj", "{4CB85C57-7E7B-47FC-844E-272172294060}"
EndProject
Project("{FAE04EC0-301F-11D3-BF4B-00C04F79EFBC}") = "Tracy.Frameworks.Configurations", "Tracy.Frameworks.Configurations\Tracy.Frameworks.Configurations.csproj", "{1F4A99CF-FC2B-4918-848C-F5508B6129F1}"
EndProject
Project("{FAE04EC0-301F-11D3-BF4B-00C04F79EFBC}") = "Tracy.Frameworks.RabbitMQ", "Tracy.Frameworks.RabbitMQ\Tracy.Frameworks.RabbitMQ.csproj", "{16CEE16E-0E00-48A4-8390-460061FA4B9F}"
EndProject
Project("{FAE04EC0-301F-11D3-BF4B-00C04F79EFBC}") = "Tracy.Frameworks.UnitTest", "Tracy.Frameworks.UnitTest\Tracy.Frameworks.UnitTest.csproj", "{53B2AF23-B59B-472A-B928-5E91EFECB859}"
EndProject
Global
	GlobalSection(SolutionConfigurationPlatforms) = preSolution
		Debug|Any CPU = Debug|Any CPU
		Debug|Mixed Platforms = Debug|Mixed Platforms
		Debug|Win32 = Debug|Win32
		Debug|x86 = Debug|x86
		Release|Any CPU = Release|Any CPU
		Release|Mixed Platforms = Release|Mixed Platforms
		Release|Win32 = Release|Win32
		Release|x86 = Release|x86
	EndGlobalSection
	GlobalSection(ProjectConfigurationPlatforms) = postSolution
		{04A1FB4B-D298-47A6-866B-47092E1EA628}.Debug|Any CPU.ActiveCfg = Debug|Any CPU
		{04A1FB4B-D298-47A6-866B-47092E1EA628}.Debug|Any CPU.Build.0 = Debug|Any CPU
		{04A1FB4B-D298-47A6-866B-47092E1EA628}.Debug|Mixed Platforms.ActiveCfg = Debug|Any CPU
		{04A1FB4B-D298-47A6-866B-47092E1EA628}.Debug|Mixed Platforms.Build.0 = Debug|Any CPU
		{04A1FB4B-D298-47A6-866B-47092E1EA628}.Debug|Win32.ActiveCfg = Debug|Any CPU
		{04A1FB4B-D298-47A6-866B-47092E1EA628}.Debug|x86.ActiveCfg = Debug|Any CPU
		{04A1FB4B-D298-47A6-866B-47092E1EA628}.Release|Any CPU.ActiveCfg = Release|Any CPU
		{04A1FB4B-D298-47A6-866B-47092E1EA628}.Release|Any CPU.Build.0 = Release|Any CPU
		{04A1FB4B-D298-47A6-866B-47092E1EA628}.Release|Mixed Platforms.ActiveCfg = Release|Any CPU
		{04A1FB4B-D298-47A6-866B-47092E1EA628}.Release|Mixed Platforms.Build.0 = Release|Any CPU
		{04A1FB4B-D298-47A6-866B-47092E1EA628}.Release|Win32.ActiveCfg = Release|Any CPU
		{04A1FB4B-D298-47A6-866B-47092E1EA628}.Release|x86.ActiveCfg = Release|Any CPU
		{7496FFF6-5395-4A78-9F12-5FB030C9C671}.Debug|Any CPU.ActiveCfg = Debug|Any CPU
		{7496FFF6-5395-4A78-9F12-5FB030C9C671}.Debug|Any CPU.Build.0 = Debug|Any CPU
		{7496FFF6-5395-4A78-9F12-5FB030C9C671}.Debug|Mixed Platforms.ActiveCfg = Debug|Any CPU
		{7496FFF6-5395-4A78-9F12-5FB030C9C671}.Debug|Mixed Platforms.Build.0 = Debug|Any CPU
		{7496FFF6-5395-4A78-9F12-5FB030C9C671}.Debug|Win32.ActiveCfg = Debug|Any CPU
		{7496FFF6-5395-4A78-9F12-5FB030C9C671}.Debug|x86.ActiveCfg = Debug|Any CPU
		{7496FFF6-5395-4A78-9F12-5FB030C9C671}.Release|Any CPU.ActiveCfg = Release|Any CPU
		{7496FFF6-5395-4A78-9F12-5FB030C9C671}.Release|Any CPU.Build.0 = Release|Any CPU
		{7496FFF6-5395-4A78-9F12-5FB030C9C671}.Release|Mixed Platforms.ActiveCfg = Release|Any CPU
		{7496FFF6-5395-4A78-9F12-5FB030C9C671}.Release|Mixed Platforms.Build.0 = Release|Any CPU
		{7496FFF6-5395-4A78-9F12-5FB030C9C671}.Release|Win32.ActiveCfg = Release|Any CPU
		{7496FFF6-5395-4A78-9F12-5FB030C9C671}.Release|x86.ActiveCfg = Release|Any CPU
		{3505FE32-0A72-4C25-A1C9-2D7E5D24C79D}.Debug|Any CPU.ActiveCfg = Debug|Any CPU
		{3505FE32-0A72-4C25-A1C9-2D7E5D24C79D}.Debug|Any CPU.Build.0 = Debug|Any CPU
		{3505FE32-0A72-4C25-A1C9-2D7E5D24C79D}.Debug|Mixed Platforms.ActiveCfg = Debug|Any CPU
		{3505FE32-0A72-4C25-A1C9-2D7E5D24C79D}.Debug|Mixed Platforms.Build.0 = Debug|Any CPU
		{3505FE32-0A72-4C25-A1C9-2D7E5D24C79D}.Debug|Win32.ActiveCfg = Debug|Any CPU
		{3505FE32-0A72-4C25-A1C9-2D7E5D24C79D}.Debug|x86.ActiveCfg = Debug|Any CPU
		{3505FE32-0A72-4C25-A1C9-2D7E5D24C79D}.Release|Any CPU.ActiveCfg = Release|Any CPU
		{3505FE32-0A72-4C25-A1C9-2D7E5D24C79D}.Release|Any CPU.Build.0 = Release|Any CPU
		{3505FE32-0A72-4C25-A1C9-2D7E5D24C79D}.Release|Mixed Platforms.ActiveCfg = Release|Any CPU
		{3505FE32-0A72-4C25-A1C9-2D7E5D24C79D}.Release|Mixed Platforms.Build.0 = Release|Any CPU
		{3505FE32-0A72-4C25-A1C9-2D7E5D24C79D}.Release|Win32.ActiveCfg = Release|Any CPU
		{3505FE32-0A72-4C25-A1C9-2D7E5D24C79D}.Release|x86.ActiveCfg = Release|Any CPU
		{2021D2F2-2593-411C-9A3C-AE571574B3F0}.Debug|Any CPU.ActiveCfg = Debug|Any CPU
		{2021D2F2-2593-411C-9A3C-AE571574B3F0}.Debug|Any CPU.Build.0 = Debug|Any CPU
		{2021D2F2-2593-411C-9A3C-AE571574B3F0}.Debug|Mixed Platforms.ActiveCfg = Debug|Any CPU
		{2021D2F2-2593-411C-9A3C-AE571574B3F0}.Debug|Mixed Platforms.Build.0 = Debug|Any CPU
		{2021D2F2-2593-411C-9A3C-AE571574B3F0}.Debug|Win32.ActiveCfg = Debug|Any CPU
		{2021D2F2-2593-411C-9A3C-AE571574B3F0}.Debug|Win32.Build.0 = Debug|Any CPU
		{2021D2F2-2593-411C-9A3C-AE571574B3F0}.Debug|x86.ActiveCfg = Debug|Any CPU
		{2021D2F2-2593-411C-9A3C-AE571574B3F0}.Debug|x86.Build.0 = Debug|Any CPU
		{2021D2F2-2593-411C-9A3C-AE571574B3F0}.Release|Any CPU.ActiveCfg = Release|Any CPU
		{2021D2F2-2593-411C-9A3C-AE571574B3F0}.Release|Any CPU.Build.0 = Release|Any CPU
		{2021D2F2-2593-411C-9A3C-AE571574B3F0}.Release|Mixed Platforms.ActiveCfg = Release|Any CPU
		{2021D2F2-2593-411C-9A3C-AE571574B3F0}.Release|Mixed Platforms.Build.0 = Release|Any CPU
		{2021D2F2-2593-411C-9A3C-AE571574B3F0}.Release|Win32.ActiveCfg = Release|Any CPU
		{2021D2F2-2593-411C-9A3C-AE571574B3F0}.Release|Win32.Build.0 = Release|Any CPU
		{2021D2F2-2593-411C-9A3C-AE571574B3F0}.Release|x86.ActiveCfg = Release|Any CPU
		{2021D2F2-2593-411C-9A3C-AE571574B3F0}.Release|x86.Build.0 = Release|Any CPU
		{D612A1ED-C949-4892-AB69-FDF4D73E9F43}.Debug|Any CPU.ActiveCfg = Debug|Any CPU
		{D612A1ED-C949-4892-AB69-FDF4D73E9F43}.Debug|Any CPU.Build.0 = Debug|Any CPU
		{D612A1ED-C949-4892-AB69-FDF4D73E9F43}.Debug|Mixed Platforms.ActiveCfg = Debug|Any CPU
		{D612A1ED-C949-4892-AB69-FDF4D73E9F43}.Debug|Mixed Platforms.Build.0 = Debug|Any CPU
		{D612A1ED-C949-4892-AB69-FDF4D73E9F43}.Debug|Win32.ActiveCfg = Debug|Any CPU
		{D612A1ED-C949-4892-AB69-FDF4D73E9F43}.Debug|x86.ActiveCfg = Debug|Any CPU
		{D612A1ED-C949-4892-AB69-FDF4D73E9F43}.Release|Any CPU.ActiveCfg = Release|Any CPU
		{D612A1ED-C949-4892-AB69-FDF4D73E9F43}.Release|Any CPU.Build.0 = Release|Any CPU
		{D612A1ED-C949-4892-AB69-FDF4D73E9F43}.Release|Mixed Platforms.ActiveCfg = Release|Any CPU
		{D612A1ED-C949-4892-AB69-FDF4D73E9F43}.Release|Mixed Platforms.Build.0 = Release|Any CPU
		{D612A1ED-C949-4892-AB69-FDF4D73E9F43}.Release|Win32.ActiveCfg = Release|Any CPU
		{D612A1ED-C949-4892-AB69-FDF4D73E9F43}.Release|x86.ActiveCfg = Release|Any CPU
		{F42DA81D-AD59-475E-AA46-002B3E071665}.Debug|Any CPU.ActiveCfg = Debug|Any CPU
		{F42DA81D-AD59-475E-AA46-002B3E071665}.Debug|Any CPU.Build.0 = Debug|Any CPU
		{F42DA81D-AD59-475E-AA46-002B3E071665}.Debug|Mixed Platforms.ActiveCfg = Debug|Any CPU
		{F42DA81D-AD59-475E-AA46-002B3E071665}.Debug|Mixed Platforms.Build.0 = Debug|Any CPU
		{F42DA81D-AD59-475E-AA46-002B3E071665}.Debug|Win32.ActiveCfg = Debug|Any CPU
		{F42DA81D-AD59-475E-AA46-002B3E071665}.Debug|x86.ActiveCfg = Debug|Any CPU
		{F42DA81D-AD59-475E-AA46-002B3E071665}.Release|Any CPU.ActiveCfg = Release|Any CPU
		{F42DA81D-AD59-475E-AA46-002B3E071665}.Release|Any CPU.Build.0 = Release|Any CPU
		{F42DA81D-AD59-475E-AA46-002B3E071665}.Release|Mixed Platforms.ActiveCfg = Release|Any CPU
		{F42DA81D-AD59-475E-AA46-002B3E071665}.Release|Mixed Platforms.Build.0 = Release|Any CPU
		{F42DA81D-AD59-475E-AA46-002B3E071665}.Release|Win32.ActiveCfg = Release|Any CPU
		{F42DA81D-AD59-475E-AA46-002B3E071665}.Release|x86.ActiveCfg = Release|Any CPU
		{4CB85C57-7E7B-47FC-844E-272172294060}.Debug|Any CPU.ActiveCfg = Debug|Any CPU
		{4CB85C57-7E7B-47FC-844E-272172294060}.Debug|Any CPU.Build.0 = Debug|Any CPU
		{4CB85C57-7E7B-47FC-844E-272172294060}.Debug|Mixed Platforms.ActiveCfg = Debug|Any CPU
		{4CB85C57-7E7B-47FC-844E-272172294060}.Debug|Mixed Platforms.Build.0 = Debug|Any CPU
		{4CB85C57-7E7B-47FC-844E-272172294060}.Debug|Win32.ActiveCfg = Debug|Any CPU
		{4CB85C57-7E7B-47FC-844E-272172294060}.Debug|x86.ActiveCfg = Debug|Any CPU
		{4CB85C57-7E7B-47FC-844E-272172294060}.Release|Any CPU.ActiveCfg = Release|Any CPU
		{4CB85C57-7E7B-47FC-844E-272172294060}.Release|Any CPU.Build.0 = Release|Any CPU
		{4CB85C57-7E7B-47FC-844E-272172294060}.Release|Mixed Platforms.ActiveCfg = Release|Any CPU
		{4CB85C57-7E7B-47FC-844E-272172294060}.Release|Mixed Platforms.Build.0 = Release|Any CPU
		{4CB85C57-7E7B-47FC-844E-272172294060}.Release|Win32.ActiveCfg = Release|Any CPU
		{4CB85C57-7E7B-47FC-844E-272172294060}.Release|x86.ActiveCfg = Release|Any CPU
		{1F4A99CF-FC2B-4918-848C-F5508B6129F1}.Debug|Any CPU.ActiveCfg = Debug|Any CPU
		{1F4A99CF-FC2B-4918-848C-F5508B6129F1}.Debug|Any CPU.Build.0 = Debug|Any CPU
		{1F4A99CF-FC2B-4918-848C-F5508B6129F1}.Debug|Mixed Platforms.ActiveCfg = Debug|Any CPU
		{1F4A99CF-FC2B-4918-848C-F5508B6129F1}.Debug|Mixed Platforms.Build.0 = Debug|Any CPU
		{1F4A99CF-FC2B-4918-848C-F5508B6129F1}.Debug|Win32.ActiveCfg = Debug|Any CPU
		{1F4A99CF-FC2B-4918-848C-F5508B6129F1}.Debug|x86.ActiveCfg = Debug|Any CPU
		{1F4A99CF-FC2B-4918-848C-F5508B6129F1}.Release|Any CPU.ActiveCfg = Release|Any CPU
		{1F4A99CF-FC2B-4918-848C-F5508B6129F1}.Release|Any CPU.Build.0 = Release|Any CPU
		{1F4A99CF-FC2B-4918-848C-F5508B6129F1}.Release|Mixed Platforms.ActiveCfg = Release|Any CPU
		{1F4A99CF-FC2B-4918-848C-F5508B6129F1}.Release|Mixed Platforms.Build.0 = Release|Any CPU
		{1F4A99CF-FC2B-4918-848C-F5508B6129F1}.Release|Win32.ActiveCfg = Release|Any CPU
		{1F4A99CF-FC2B-4918-848C-F5508B6129F1}.Release|x86.ActiveCfg = Release|Any CPU
		{16CEE16E-0E00-48A4-8390-460061FA4B9F}.Debug|Any CPU.ActiveCfg = Debug|Any CPU
		{16CEE16E-0E00-48A4-8390-460061FA4B9F}.Debug|Any CPU.Build.0 = Debug|Any CPU
		{16CEE16E-0E00-48A4-8390-460061FA4B9F}.Debug|Mixed Platforms.ActiveCfg = Debug|Any CPU
		{16CEE16E-0E00-48A4-8390-460061FA4B9F}.Debug|Mixed Platforms.Build.0 = Debug|Any CPU
		{16CEE16E-0E00-48A4-8390-460061FA4B9F}.Debug|Win32.ActiveCfg = Debug|Any CPU
		{16CEE16E-0E00-48A4-8390-460061FA4B9F}.Debug|x86.ActiveCfg = Debug|Any CPU
		{16CEE16E-0E00-48A4-8390-460061FA4B9F}.Release|Any CPU.ActiveCfg = Release|Any CPU
		{16CEE16E-0E00-48A4-8390-460061FA4B9F}.Release|Any CPU.Build.0 = Release|Any CPU
		{16CEE16E-0E00-48A4-8390-460061FA4B9F}.Release|Mixed Platforms.ActiveCfg = Release|Any CPU
		{16CEE16E-0E00-48A4-8390-460061FA4B9F}.Release|Mixed Platforms.Build.0 = Release|Any CPU
		{16CEE16E-0E00-48A4-8390-460061FA4B9F}.Release|Win32.ActiveCfg = Release|Any CPU
		{16CEE16E-0E00-48A4-8390-460061FA4B9F}.Release|x86.ActiveCfg = Release|Any CPU
		{53B2AF23-B59B-472A-B928-5E91EFECB859}.Debug|Any CPU.ActiveCfg = Debug|Any CPU
		{53B2AF23-B59B-472A-B928-5E91EFECB859}.Debug|Any CPU.Build.0 = Debug|Any CPU
		{53B2AF23-B59B-472A-B928-5E91EFECB859}.Debug|Mixed Platforms.ActiveCfg = Debug|Any CPU
		{53B2AF23-B59B-472A-B928-5E91EFECB859}.Debug|Mixed Platforms.Build.0 = Debug|Any CPU
		{53B2AF23-B59B-472A-B928-5E91EFECB859}.Debug|Win32.ActiveCfg = Debug|Any CPU
		{53B2AF23-B59B-472A-B928-5E91EFECB859}.Debug|x86.ActiveCfg = Debug|Any CPU
		{53B2AF23-B59B-472A-B928-5E91EFECB859}.Release|Any CPU.ActiveCfg = Release|Any CPU
		{53B2AF23-B59B-472A-B928-5E91EFECB859}.Release|Any CPU.Build.0 = Release|Any CPU
		{53B2AF23-B59B-472A-B928-5E91EFECB859}.Release|Mixed Platforms.ActiveCfg = Release|Any CPU
		{53B2AF23-B59B-472A-B928-5E91EFECB859}.Release|Mixed Platforms.Build.0 = Release|Any CPU
		{53B2AF23-B59B-472A-B928-5E91EFECB859}.Release|Win32.ActiveCfg = Release|Any CPU
		{53B2AF23-B59B-472A-B928-5E91EFECB859}.Release|x86.ActiveCfg = Release|Any CPU
	EndGlobalSection
	GlobalSection(SolutionProperties) = preSolution
		HideSolutionNode = FALSE
	EndGlobalSection
	GlobalSection(NestedProjects) = preSolution
		{53B2AF23-B59B-472A-B928-5E91EFECB859} = {DC3915F5-FE00-4F1E-AAA1-4A52634043FD}
	EndGlobalSection
	GlobalSection(TestCaseManagementSettings) = postSolution
		CategoryFile = LNFramework.vsmdi
	EndGlobalSection
EndGlobal
